
Microsoft Visual Studio Solution File, Format Version 11.00
# Visual Studio 2010
Project("{FAE04EC0-301F-11D3-BF4B-00C04F79EFBC}") = "CSLStatsPanel", "CSLStatsPanel.csproj", "{47BC160D-1E35-426B-A8F8-1F191DB76750}"
EndProject
Global
	GlobalSection(SolutionConfigurationPlatforms) = preSolution
		Debug|Any CPU = Debug|Any CPU
		Release|Any CPU = Release|Any CPU
	EndGlobalSection
	GlobalSection(ProjectConfigurationPlatforms) = postSolution
		{47BC160D-1E35-426B-A8F8-1F191DB76750}.Debug|Any CPU.ActiveCfg = Debug|Any CPU
		{47BC160D-1E35-426B-A8F8-1F191DB76750}.Debug|Any CPU.Build.0 = Debug|Any CPU
		{47BC160D-1E35-426B-A8F8-1F191DB76750}.Release|Any CPU.ActiveCfg = Release|Any CPU
		{47BC160D-1E35-426B-A8F8-1F191DB76750}.Release|Any CPU.Build.0 = Release|Any CPU
	EndGlobalSection
	GlobalSection(SolutionProperties) = preSolution
		HideSolutionNode = FALSE
	EndGlobalSection
EndGlobal
